
Microsoft Visual Studio Solution File, Format Version 12.00
# Visual Studio Version 17
VisualStudioVersion = 17.8.34511.84
MinimumVisualStudioVersion = 10.0.40219.1
Project("{9A19103F-16F7-4668-BE54-9A1E7A4F7556}") = "StudyHub.WPF", "StudyHub.WPF\StudyHub.WPF.csproj", "{0F4F4D8E-0B4F-49D4-9285-5EEB00764AD6}"
EndProject
Project("{9A19103F-16F7-4668-BE54-9A1E7A4F7556}") = "StudyHub.Service", "StudyHub.Service\StudyHub.Service.csproj", "{043BB70B-32B6-43AE-9141-90C70585683F}"
EndProject
Project("{9A19103F-16F7-4668-BE54-9A1E7A4F7556}") = "StudyHub.Storage", "StudyHub.Storage\StudyHub.Storage.csproj", "{F75453BE-7EAD-40FA-BDBB-E792346D9356}"
EndProject
Project("{9A19103F-16F7-4668-BE54-9A1E7A4F7556}") = "StudyHubDb", "StudyHubDb\StudyHubDb.csproj", "{E0BA1BEC-CF64-41CB-993D-E47EA7310F33}"
EndProject
Project("{9A19103F-16F7-4668-BE54-9A1E7A4F7556}") = "StudyHubDb.Command", "StudyHubDb.Command\StudyHubDb.Command.csproj", "{0D4AC4DF-AC89-40AC-A925-30660A56970E}"
EndProject
Project("{2150E333-8FDC-42A3-9474-1A3956D46DE8}") = "解决方案项", "解决方案项", "{C82CC074-50CB-4C40-BEE5-FDE375420591}"
	ProjectSection(SolutionItems) = preProject
		.editorconfig = .editorconfig
		.gitignore = .gitignore
		build.bat = build.bat
		Directory.Build.props = Directory.Build.props
		LICENSE.txt = LICENSE.txt
		nuget.config = nuget.config
		README.md = README.md
		Settings.XamlStyler = Settings.XamlStyler
	EndProjectSection
EndProject
Project("{9A19103F-16F7-4668-BE54-9A1E7A4F7556}") = "StudyHub.WPF.Tests", "StudyHub.WPF.Tests\StudyHub.WPF.Tests.csproj", "{284F28EB-32C2-47F4-948D-A7950F175A4A}"
EndProject
Project("{9A19103F-16F7-4668-BE54-9A1E7A4F7556}") = "StudyHub.Common", "StudyHub.Common\StudyHub.Common.csproj", "{371BE384-8B86-4519-96E9-EB90BA2B1194}"
EndProject
Global
	GlobalSection(SolutionConfigurationPlatforms) = preSolution
		Debug|Any CPU = Debug|Any CPU
		Release|Any CPU = Release|Any CPU
	EndGlobalSection
	GlobalSection(ProjectConfigurationPlatforms) = postSolution
		{0F4F4D8E-0B4F-49D4-9285-5EEB00764AD6}.Debug|Any CPU.ActiveCfg = Debug|Any CPU
		{0F4F4D8E-0B4F-49D4-9285-5EEB00764AD6}.Debug|Any CPU.Build.0 = Debug|Any CPU
		{0F4F4D8E-0B4F-49D4-9285-5EEB00764AD6}.Release|Any CPU.ActiveCfg = Release|Any CPU
		{0F4F4D8E-0B4F-49D4-9285-5EEB00764AD6}.Release|Any CPU.Build.0 = Release|Any CPU
		{043BB70B-32B6-43AE-9141-90C70585683F}.Debug|Any CPU.ActiveCfg = Debug|Any CPU
		{043BB70B-32B6-43AE-9141-90C70585683F}.Debug|Any CPU.Build.0 = Debug|Any CPU
		{043BB70B-32B6-43AE-9141-90C70585683F}.Release|Any CPU.ActiveCfg = Release|Any CPU
		{043BB70B-32B6-43AE-9141-90C70585683F}.Release|Any CPU.Build.0 = Release|Any CPU
		{F75453BE-7EAD-40FA-BDBB-E792346D9356}.Debug|Any CPU.ActiveCfg = Debug|Any CPU
		{F75453BE-7EAD-40FA-BDBB-E792346D9356}.Debug|Any CPU.Build.0 = Debug|Any CPU
		{F75453BE-7EAD-40FA-BDBB-E792346D9356}.Release|Any CPU.ActiveCfg = Release|Any CPU
		{F75453BE-7EAD-40FA-BDBB-E792346D9356}.Release|Any CPU.Build.0 = Release|Any CPU
		{E0BA1BEC-CF64-41CB-993D-E47EA7310F33}.Debug|Any CPU.ActiveCfg = Debug|Any CPU
		{E0BA1BEC-CF64-41CB-993D-E47EA7310F33}.Debug|Any CPU.Build.0 = Debug|Any CPU
		{E0BA1BEC-CF64-41CB-993D-E47EA7310F33}.Release|Any CPU.ActiveCfg = Release|Any CPU
		{E0BA1BEC-CF64-41CB-993D-E47EA7310F33}.Release|Any CPU.Build.0 = Release|Any CPU
		{0D4AC4DF-AC89-40AC-A925-30660A56970E}.Debug|Any CPU.ActiveCfg = Debug|Any CPU
		{0D4AC4DF-AC89-40AC-A925-30660A56970E}.Debug|Any CPU.Build.0 = Debug|Any CPU
		{0D4AC4DF-AC89-40AC-A925-30660A56970E}.Release|Any CPU.ActiveCfg = Release|Any CPU
		{0D4AC4DF-AC89-40AC-A925-30660A56970E}.Release|Any CPU.Build.0 = Release|Any CPU
		{284F28EB-32C2-47F4-948D-A7950F175A4A}.Debug|Any CPU.ActiveCfg = Debug|Any CPU
		{284F28EB-32C2-47F4-948D-A7950F175A4A}.Debug|Any CPU.Build.0 = Debug|Any CPU
		{284F28EB-32C2-47F4-948D-A7950F175A4A}.Release|Any CPU.ActiveCfg = Release|Any CPU
		{284F28EB-32C2-47F4-948D-A7950F175A4A}.Release|Any CPU.Build.0 = Release|Any CPU
		{371BE384-8B86-4519-96E9-EB90BA2B1194}.Debug|Any CPU.ActiveCfg = Debug|Any CPU
		{371BE384-8B86-4519-96E9-EB90BA2B1194}.Debug|Any CPU.Build.0 = Debug|Any CPU
		{371BE384-8B86-4519-96E9-EB90BA2B1194}.Release|Any CPU.ActiveCfg = Release|Any CPU
		{371BE384-8B86-4519-96E9-EB90BA2B1194}.Release|Any CPU.Build.0 = Release|Any CPU
	EndGlobalSection
	GlobalSection(SolutionProperties) = preSolution
		HideSolutionNode = FALSE
	EndGlobalSection
	GlobalSection(ExtensibilityGlobals) = postSolution
		SolutionGuid = {91E3104B-C033-46E9-9ECB-E0D7D4B891ED}
	EndGlobalSection
EndGlobal
